// !$*UTF8*$!
{
	archiveVersion = 1;
	classes = {
	};
	objectVersion = 77;
	objects = {

/* Begin PBXBuildFile section */
		F049DFD62F2E992400B699E4 /* LocationManager.swift in Sources */ = {isa = PBXBuildFile; fileRef = F049DFD52F2E978400B699E4 /* LocationManager.swift */; };
		F049DFDB2F2E9C6200B699E4 /* GolemioClient.swift in Sources */ = {isa = PBXBuildFile; fileRef = F049DFDA2F2E9C3D00B699E4 /* GolemioClient.swift */; };
		F049DFE02F2E9ED000B699E4 /* DepartureModels.swift in Sources */ = {isa = PBXBuildFile; fileRef = F049DFDF2F2E9E0D00B699E4 /* DepartureModels.swift */; };
		F049DFE52F2EA56700B699E4 /* Secrets.xcconfig in Resources */ = {isa = PBXBuildFile; fileRef = F049DFE42F2EA55600B699E4 /* Secrets.xcconfig */; };
/* End PBXBuildFile section */

/* Begin PBXFileReference section */
		F049DFBB2F2E920F00B699E4 /* PragueDepartures.app */ = {isa = PBXFileReference; explicitFileType = wrapper.application; includeInIndex = 0; path = PragueDepartures.app; sourceTree = BUILT_PRODUCTS_DIR; };
		F049DFD42F2E974800B699E4 /* SharedCache.swift */ = {isa = PBXFileReference; lastKnownFileType = sourcecode.swift; path = SharedCache.swift; sourceTree = "<group>"; };
		F049DFD52F2E978400B699E4 /* LocationManager.swift */ = {isa = PBXFileReference; lastKnownFileType = sourcecode.swift; path = LocationManager.swift; sourceTree = "<group>"; };
		F049DFDA2F2E9C3D00B699E4 /* GolemioClient.swift */ = {isa = PBXFileReference; lastKnownFileType = sourcecode.swift; path = GolemioClient.swift; sourceTree = "<group>"; };
		F049DFDF2F2E9E0D00B699E4 /* DepartureModels.swift */ = {isa = PBXFileReference; lastKnownFileType = sourcecode.swift; path = DepartureModels.swift; sourceTree = "<group>"; };
		F049DFE42F2EA55600B699E4 /* Secrets.xcconfig */ = {isa = PBXFileReference; lastKnownFileType = text.xcconfig; path = Secrets.xcconfig; sourceTree = "<group>"; };
/* End PBXFileReference section */

/* Begin PBXFileSystemSynchronizedRootGroup section */
		F049DFBD2F2E920F00B699E4 /* PragueDepartures */ = {
			isa = PBXFileSystemSynchronizedRootGroup;
			path = PragueDepartures;
			sourceTree = "<group>";
		};
/* End PBXFileSystemSynchronizedRootGroup section */

/* Begin PBXFrameworksBuildPhase section */
		F049DFB82F2E920F00B699E4 /* Frameworks */ = {
			isa = PBXFrameworksBuildPhase;
			buildActionMask = 2147483647;
			files = (
			);
			runOnlyForDeploymentPostprocessing = 0;
		};
/* End PBXFrameworksBuildPhase section */

/* Begin PBXGroup section */
		F049DFB22F2E920F00B699E4 = {
			isa = PBXGroup;
			children = (
				F049DFE42F2EA55600B699E4 /* Secrets.xcconfig */,
				F049DFD32F2E96E500B699E4 /* Shared */,
				F049DFD22F2E96DC00B699E4 /* Widget */,
				F049DFD12F2E96D200B699E4 /* Views */,
				F049DFD02F2E96CA00B699E4 /* ViewModels */,
				F049DFCF2F2E96C200B699E4 /* Location */,
				F049DFCE2F2E96B800B699E4 /* Networking */,
				F049DFCD2F2E96AF00B699E4 /* Models */,
				F049DFCC2F2E96A300B699E4 /* App */,
				F049DFBD2F2E920F00B699E4 /* PragueDepartures */,
				F049DFBC2F2E920F00B699E4 /* Products */,
			);
			sourceTree = "<group>";
		};
		F049DFBC2F2E920F00B699E4 /* Products */ = {
			isa = PBXGroup;
			children = (
				F049DFBB2F2E920F00B699E4 /* PragueDepartures.app */,
			);
			name = Products;
			sourceTree = "<group>";
		};
		F049DFCC2F2E96A300B699E4 /* App */ = {
			isa = PBXGroup;
			children = (
			);
			path = App;
			sourceTree = "<group>";
		};
		F049DFCD2F2E96AF00B699E4 /* Models */ = {
			isa = PBXGroup;
			children = (
				F049DFDF2F2E9E0D00B699E4 /* DepartureModels.swift */,
			);
			path = Models;
			sourceTree = "<group>";
		};
		F049DFCE2F2E96B800B699E4 /* Networking */ = {
			isa = PBXGroup;
			children = (
				F049DFDA2F2E9C3D00B699E4 /* GolemioClient.swift */,
			);
			path = Networking;
			sourceTree = "<group>";
		};
		F049DFCF2F2E96C200B699E4 /* Location */ = {
			isa = PBXGroup;
			children = (
				F049DFD52F2E978400B699E4 /* LocationManager.swift */,
			);
			path = Location;
			sourceTree = "<group>";
		};
		F049DFD02F2E96CA00B699E4 /* ViewModels */ = {
			isa = PBXGroup;
			children = (
			);
			path = ViewModels;
			sourceTree = "<group>";
		};
		F049DFD12F2E96D200B699E4 /* Views */ = {
			isa = PBXGroup;
			children = (
			);
			path = Views;
			sourceTree = "<group>";
		};
		F049DFD22F2E96DC00B699E4 /* Widget */ = {
			isa = PBXGroup;
			children = (
			);
			path = Widget;
			sourceTree = "<group>";
		};
		F049DFD32F2E96E500B699E4 /* Shared */ = {
			isa = PBXGroup;
			children = (
				F049DFD42F2E974800B699E4 /* SharedCache.swift */,
			);
			path = Shared;
			sourceTree = "<group>";
		};
/* End PBXGroup section */

/* Begin PBXNativeTarget section */
		F049DFBA2F2E920F00B699E4 /* PragueDepartures */ = {
			isa = PBXNativeTarget;
			buildConfigurationList = F049DFC82F2E921200B699E4 /* Build configuration list for PBXNativeTarget "PragueDepartures" */;
			buildPhases = (
				F049DFB72F2E920F00B699E4 /* Sources */,
				F049DFB82F2E920F00B699E4 /* Frameworks */,
				F049DFB92F2E920F00B699E4 /* Resources */,
			);
			buildRules = (
			);
			dependencies = (
			);
			fileSystemSynchronizedGroups = (
				F049DFBD2F2E920F00B699E4 /* PragueDepartures */,
			);
			name = PragueDepartures;
			packageProductDependencies = (
			);
			productName = PragueDepartures;
			productReference = F049DFBB2F2E920F00B699E4 /* PragueDepartures.app */;
			productType = "com.apple.product-type.application";
		};
/* End PBXNativeTarget section */

/* Begin PBXProject section */
		F049DFB32F2E920F00B699E4 /* Project object */ = {
			isa = PBXProject;
			attributes = {
				BuildIndependentTargetsInParallel = 1;
				LastSwiftUpdateCheck = 2620;
				LastUpgradeCheck = 2620;
				TargetAttributes = {
					F049DFBA2F2E920F00B699E4 = {
						CreatedOnToolsVersion = 26.2;
					};
				};
			};
			buildConfigurationList = F049DFB62F2E920F00B699E4 /* Build configuration list for PBXProject "PragueDepartures" */;
			developmentRegion = en;
			hasScannedForEncodings = 0;
			knownRegions = (
				en,
				Base,
			);
			mainGroup = F049DFB22F2E920F00B699E4;
			minimizedProjectReferenceProxies = 1;
			preferredProjectObjectVersion = 77;
			productRefGroup = F049DFBC2F2E920F00B699E4 /* Products */;
			projectDirPath = "";
			projectRoot = "";
			targets = (
				F049DFBA2F2E920F00B699E4 /* PragueDepartures */,
			);
		};
/* End PBXProject section */

/* Begin PBXResourcesBuildPhase section */
		F049DFB92F2E920F00B699E4 /* Resources */ = {
			isa = PBXResourcesBuildPhase;
			buildActionMask = 2147483647;
			files = (
				F049DFE52F2EA56700B699E4 /* Secrets.xcconfig in Resources */,
			);
			runOnlyForDeploymentPostprocessing = 0;
		};
/* End PBXResourcesBuildPhase section */

/* Begin PBXSourcesBuildPhase section */
		F049DFB72F2E920F00B699E4 /* Sources */ = {
			isa = PBXSourcesBuildPhase;
			buildActionMask = 2147483647;
			files = (
				F049DFE02F2E9ED000B699E4 /* DepartureModels.swift in Sources */,
				F049DFD62F2E992400B699E4 /* LocationManager.swift in Sources */,
				F049DFDB2F2E9C6200B699E4 /* GolemioClient.swift in Sources */,
			);
			runOnlyForDeploymentPostprocessing = 0;
		};
/* End PBXSourcesBuildPhase section */

/* Begin XCBuildConfiguration section */
		F049DFC62F2E921200B699E4 /* Debug */ = {
			isa = XCBuildConfiguration;
			baseConfigurationReference = F049DFE42F2EA55600B699E4 /* Secrets.xcconfig */;
			buildSettings = {
				ALWAYS_SEARCH_USER_PATHS = NO;
				ASSETCATALOG_COMPILER_GENERATE_SWIFT_ASSET_SYMBOL_EXTENSIONS = YES;
				CLANG_ANALYZER_NONNULL = YES;
				CLANG_ANALYZER_NUMBER_OBJECT_CONVERSION = YES_AGGRESSIVE;
				CLANG_CXX_LANGUAGE_STANDARD = "gnu++20";
				CLANG_ENABLE_MODULES = YES;
				CLANG_ENABLE_OBJC_ARC = YES;
				CLANG_ENABLE_OBJC_WEAK = YES;
				CLANG_WARN_BLOCK_CAPTURE_AUTORELEASING = YES;
				CLANG_WARN_BOOL_CONVERSION = YES;
				CLANG_WARN_COMMA = YES;
				CLANG_WARN_CONSTANT_CONVERSION = YES;
				CLANG_WARN_DEPRECATED_OBJC_IMPLEMENTATIONS = YES;
				CLANG_WARN_DIRECT_OBJC_ISA_USAGE = YES_ERROR;
				CLANG_WARN_DOCUMENTATION_COMMENTS = YES;
				CLANG_WARN_EMPTY_BODY = YES;
				CLANG_WARN_ENUM_CONVERSION = YES;
				CLANG_WARN_INFINITE_RECURSION = YES;
				CLANG_WARN_INT_CONVERSION = YES;
				CLANG_WARN_NON_LITERAL_NULL_CONVERSION = YES;
				CLANG_WARN_OBJC_IMPLICIT_RETAIN_SELF = YES;
				CLANG_WARN_OBJC_LITERAL_CONVERSION = YES;
				CLANG_WARN_OBJC_ROOT_CLASS = YES_ERROR;
				CLANG_WARN_QUOTED_INCLUDE_IN_FRAMEWORK_HEADER = YES;
				CLANG_WARN_RANGE_LOOP_ANALYSIS = YES;
				CLANG_WARN_STRICT_PROTOTYPES = YES;
				CLANG_WARN_SUSPICIOUS_MOVE = YES;
				CLANG_WARN_UNGUARDED_AVAILABILITY = YES_AGGRESSIVE;
				CLANG_WARN_UNREACHABLE_CODE = YES;
				CLANG_WARN__DUPLICATE_METHOD_MATCH = YES;
				COPY_PHASE_STRIP = NO;
				DEBUG_INFORMATION_FORMAT = dwarf;
				DEVELOPMENT_TEAM = FDRMV7YQP3;
				ENABLE_STRICT_OBJC_MSGSEND = YES;
				ENABLE_TESTABILITY = YES;
				ENABLE_USER_SCRIPT_SANDBOXING = YES;
				GCC_C_LANGUAGE_STANDARD = gnu17;
				GCC_DYNAMIC_NO_PIC = NO;
				GCC_NO_COMMON_BLOCKS = YES;
				GCC_OPTIMIZATION_LEVEL = 0;
				GCC_PREPROCESSOR_DEFINITIONS = (
					"DEBUG=1",
					"$(inherited)",
				);
				GCC_WARN_64_TO_32_BIT_CONVERSION = YES;
				GCC_WARN_ABOUT_RETURN_TYPE = YES_ERROR;
				GCC_WARN_UNDECLARED_SELECTOR = YES;
				GCC_WARN_UNINITIALIZED_AUTOS = YES_AGGRESSIVE;
				GCC_WARN_UNUSED_FUNCTION = YES;
				GCC_WARN_UNUSED_VARIABLE = YES;
				IPHONEOS_DEPLOYMENT_TARGET = 26.2;
				LOCALIZATION_PREFERS_STRING_CATALOGS = YES;
				MTL_ENABLE_DEBUG_INFO = INCLUDE_SOURCE;
				MTL_FAST_MATH = YES;
				ONLY_ACTIVE_ARCH = YES;
				SDKROOT = iphoneos;
				SWIFT_ACTIVE_COMPILATION_CONDITIONS = "DEBUG $(inherited)";
				SWIFT_OPTIMIZATION_LEVEL = "-Onone";
			};
			name = Debug;
		};
		F049DFC72F2E921200B699E4 /* Release */ = {
			isa = XCBuildConfiguration;
			buildSettings = {
				ALWAYS_SEARCH_USER_PATHS = NO;
				ASSETCATALOG_COMPILER_GENERATE_SWIFT_ASSET_SYMBOL_EXTENSIONS = YES;
				CLANG_ANALYZER_NONNULL = YES;
				CLANG_ANALYZER_NUMBER_OBJECT_CONVERSION = YES_AGGRESSIVE;
				CLANG_CXX_LANGUAGE_STANDARD = "gnu++20";
				CLANG_ENABLE_MODULES = YES;
				CLANG_ENABLE_OBJC_ARC = YES;
				CLANG_ENABLE_OBJC_WEAK = YES;
				CLANG_WARN_BLOCK_CAPTURE_AUTORELEASING = YES;
				CLANG_WARN_BOOL_CONVERSION = YES;
				CLANG_WARN_COMMA = YES;
				CLANG_WARN_CONSTANT_CONVERSION = YES;
				CLANG_WARN_DEPRECATED_OBJC_IMPLEMENTATIONS = YES;
				CLANG_WARN_DIRECT_OBJC_ISA_USAGE = YES_ERROR;
				CLANG_WARN_DOCUMENTATION_COMMENTS = YES;
				CLANG_WARN_EMPTY_BODY = YES;
				CLANG_WARN_ENUM_CONVERSION = YES;
				CLANG_WARN_INFINITE_RECURSION = YES;
				CLANG_WARN_INT_CONVERSION = YES;
				CLANG_WARN_NON_LITERAL_NULL_CONVERSION = YES;
				CLANG_WARN_OBJC_IMPLICIT_RETAIN_SELF = YES;
				CLANG_WARN_OBJC_LITERAL_CONVERSION = YES;
				CLANG_WARN_OBJC_ROOT_CLASS = YES_ERROR;
				CLANG_WARN_QUOTED_INCLUDE_IN_FRAMEWORK_HEADER = YES;
				CLANG_WARN_RANGE_LOOP_ANALYSIS = YES;
				CLANG_WARN_STRICT_PROTOTYPES = YES;
				CLANG_WARN_SUSPICIOUS_MOVE = YES;
				CLANG_WARN_UNGUARDED_AVAILABILITY = YES_AGGRESSIVE;
				CLANG_WARN_UNREACHABLE_CODE = YES;
				CLANG_WARN__DUPLICATE_METHOD_MATCH = YES;
				COPY_PHASE_STRIP = NO;
				DEBUG_INFORMATION_FORMAT = "dwarf-with-dsym";
				DEVELOPMENT_TEAM = FDRMV7YQP3;
				ENABLE_NS_ASSERTIONS = NO;
				ENABLE_STRICT_OBJC_MSGSEND = YES;
				ENABLE_USER_SCRIPT_SANDBOXING = YES;
				GCC_C_LANGUAGE_STANDARD = gnu17;
				GCC_NO_COMMON_BLOCKS = YES;
				GCC_WARN_64_TO_32_BIT_CONVERSION = YES;
				GCC_WARN_ABOUT_RETURN_TYPE = YES_ERROR;
				GCC_WARN_UNDECLARED_SELECTOR = YES;
				GCC_WARN_UNINITIALIZED_AUTOS = YES_AGGRESSIVE;
				GCC_WARN_UNUSED_FUNCTION = YES;
				GCC_WARN_UNUSED_VARIABLE = YES;
				IPHONEOS_DEPLOYMENT_TARGET = 26.2;
				LOCALIZATION_PREFERS_STRING_CATALOGS = YES;
				MTL_ENABLE_DEBUG_INFO = NO;
				MTL_FAST_MATH = YES;
				SDKROOT = iphoneos;
				SWIFT_COMPILATION_MODE = wholemodule;
				VALIDATE_PRODUCT = YES;
			};
			name = Release;
		};
		F049DFC92F2E921200B699E4 /* Debug */ = {
			isa = XCBuildConfiguration;
			baseConfigurationReference = F049DFE42F2EA55600B699E4 /* Secrets.xcconfig */;
			buildSettings = {
				ASSETCATALOG_COMPILER_APPICON_NAME = AppIcon;
				ASSETCATALOG_COMPILER_GLOBAL_ACCENT_COLOR_NAME = AccentColor;
				CODE_SIGN_ENTITLEMENTS = PragueDepartures/PragueDepartures.entitlements;
				CODE_SIGN_STYLE = Automatic;
				CURRENT_PROJECT_VERSION = 1;
				DEVELOPMENT_TEAM = FDRMV7YQP3;
				ENABLE_PREVIEWS = YES;
				GENERATE_INFOPLIST_FILE = YES;
				INFOPLIST_KEY_NSLocationAlwaysAndWhenInUseUsageDescription = "Automatically swtich nearby favourite stops";
				INFOPLIST_KEY_NSLocationWhenInUseUsageDescription = "Shows nearby public transport departures";
				INFOPLIST_KEY_UIApplicationSceneManifest_Generation = YES;
				INFOPLIST_KEY_UIApplicationSupportsIndirectInputEvents = YES;
				INFOPLIST_KEY_UILaunchScreen_Generation = YES;
				INFOPLIST_KEY_UISupportedInterfaceOrientations_iPad = "UIInterfaceOrientationPortrait UIInterfaceOrientationPortraitUpsideDown UIInterfaceOrientationLandscapeLeft UIInterfaceOrientationLandscapeRight";
				INFOPLIST_KEY_UISupportedInterfaceOrientations_iPhone = "UIInterfaceOrientationPortrait UIInterfaceOrientationLandscapeLeft UIInterfaceOrientationLandscapeRight";
				IPHONEOS_DEPLOYMENT_TARGET = 17.0;
				LD_RUNPATH_SEARCH_PATHS = (
					"$(inherited)",
					"@executable_path/Frameworks",
				);
				MARKETING_VERSION = 1.0;
				PRODUCT_BUNDLE_IDENTIFIER = "Michal-Petrov.PragueDepartures";
				PRODUCT_NAME = "$(TARGET_NAME)";
				STRING_CATALOG_GENERATE_SYMBOLS = YES;
				SWIFT_APPROACHABLE_CONCURRENCY = YES;
				SWIFT_DEFAULT_ACTOR_ISOLATION = MainActor;
				SWIFT_EMIT_LOC_STRINGS = YES;
				SWIFT_UPCOMING_FEATURE_MEMBER_IMPORT_VISIBILITY = YES;
				SWIFT_VERSION = 5.0;
				TARGETED_DEVICE_FAMILY = "1,2";
			};
			name = Debug;
		};
		F049DFCA2F2E921200B699E4 /* Release */ = {
			isa = XCBuildConfiguration;
			buildSettings = {
				ASSETCATALOG_COMPILER_APPICON_NAME = AppIcon;
				ASSETCATALOG_COMPILER_GLOBAL_ACCENT_COLOR_NAME = AccentColor;
				CODE_SIGN_ENTITLEMENTS = PragueDepartures/PragueDepartures.entitlements;
				CODE_SIGN_STYLE = Automatic;
				CURRENT_PROJECT_VERSION = 1;
				DEVELOPMENT_TEAM = FDRMV7YQP3;
				ENABLE_PREVIEWS = YES;
				GENERATE_INFOPLIST_FILE = YES;
				INFOPLIST_KEY_NSLocationAlwaysAndWhenInUseUsageDescription = "Automatically swtich nearby favourite stops";
				INFOPLIST_KEY_NSLocationWhenInUseUsageDescription = "Shows nearby public transport departures";
				INFOPLIST_KEY_UIApplicationSceneManifest_Generation = YES;
				INFOPLIST_KEY_UIApplicationSupportsIndirectInputEvents = YES;
				INFOPLIST_KEY_UILaunchScreen_Generation = YES;
				INFOPLIST_KEY_UISupportedInterfaceOrientations_iPad = "UIInterfaceOrientationPortrait UIInterfaceOrientationPortraitUpsideDown UIInterfaceOrientationLandscapeLeft UIInterfaceOrientationLandscapeRight";
				INFOPLIST_KEY_UISupportedInterfaceOrientations_iPhone = "UIInterfaceOrientationPortrait UIInterfaceOrientationLandscapeLeft UIInterfaceOrientationLandscapeRight";
				IPHONEOS_DEPLOYMENT_TARGET = 17.0;
				LD_RUNPATH_SEARCH_PATHS = (
					"$(inherited)",
					"@executable_path/Frameworks",
				);
				MARKETING_VERSION = 1.0;
				PRODUCT_BUNDLE_IDENTIFIER = "Michal-Petrov.PragueDepartures";
				PRODUCT_NAME = "$(TARGET_NAME)";
				STRING_CATALOG_GENERATE_SYMBOLS = YES;
				SWIFT_APPROACHABLE_CONCURRENCY = YES;
				SWIFT_DEFAULT_ACTOR_ISOLATION = MainActor;
				SWIFT_EMIT_LOC_STRINGS = YES;
				SWIFT_UPCOMING_FEATURE_MEMBER_IMPORT_VISIBILITY = YES;
				SWIFT_VERSION = 5.0;
				TARGETED_DEVICE_FAMILY = "1,2";
			};
			name = Release;
		};
/* End XCBuildConfiguration section */

/* Begin XCConfigurationList section */
		F049DFB62F2E920F00B699E4 /* Build configuration list for PBXProject "PragueDepartures" */ = {
			isa = XCConfigurationList;
			buildConfigurations = (
				F049DFC62F2E921200B699E4 /* Debug */,
				F049DFC72F2E921200B699E4 /* Release */,
			);
			defaultConfigurationIsVisible = 0;
			defaultConfigurationName = Release;
		};
		F049DFC82F2E921200B699E4 /* Build configuration list for PBXNativeTarget "PragueDepartures" */ = {
			isa = XCConfigurationList;
			buildConfigurations = (
				F049DFC92F2E921200B699E4 /* Debug */,
				F049DFCA2F2E921200B699E4 /* Release */,
			);
			defaultConfigurationIsVisible = 0;
			defaultConfigurationName = Release;
		};
/* End XCConfigurationList section */
	};
	rootObject = F049DFB32F2E920F00B699E4 /* Project object */;
}
